{
  "requires": true,
  "lockfileVersion": 1,
  "dependencies": {
    "fetch-json": {
      "version": "2.4.4",
      "resolved": "https://registry.npmjs.org/fetch-json/-/fetch-json-2.4.4.tgz",
      "integrity": "sha512-LHMEoC1sOQiB3luEBiwfVH13U6qI8OHlRYLGbKyG9OaZGVqHWHaJV+mX+IS3wz9u4Pm2QBqq81aQUmM/gZRDMg=="
    },
    "fetch-jsonp": {
      "version": "1.1.3",
      "resolved": "https://registry.npmjs.org/fetch-jsonp/-/fetch-jsonp-1.1.3.tgz",
      "integrity": "sha1-nrnlhboIqvcAVjU40Xu+u81aPbI="
    }
  }
}
